
Microsoft Visual Studio Solution File, Format Version 12.00
# Visual Studio Version 17
VisualStudioVersion = 17.2.32616.157
MinimumVisualStudioVersion = 10.0.40219.1
Project("{9A19103F-16F7-4668-BE54-9A1E7A4F7556}") = "SiddharthPieShop", "MyProject\SiddharthPieShop.csproj", "{47828C8B-122A-4795-A0E4-69E6382FB3C7}"
EndProject
Project("{9A19103F-16F7-4668-BE54-9A1E7A4F7556}") = "StudentAPIDemo", "StudentAPIDemo\StudentAPIDemo.csproj", "{94E397CE-1F16-4876-A45D-B4BE0A5674EE}"
EndProject
Project("{FAE04EC0-301F-11D3-BF4B-00C04F79EFBC}") = "PieShopAPI", "PieShopAPI\PieShopAPI.csproj", "{06ED1C58-24D8-49A4-B67B-839B2765EF04}"
EndProject
Global
	GlobalSection(SolutionConfigurationPlatforms) = preSolution
		Debug|Any CPU = Debug|Any CPU
		Release|Any CPU = Release|Any CPU
	EndGlobalSection
	GlobalSection(ProjectConfigurationPlatforms) = postSolution
		{47828C8B-122A-4795-A0E4-69E6382FB3C7}.Debug|Any CPU.ActiveCfg = Debug|Any CPU
		{47828C8B-122A-4795-A0E4-69E6382FB3C7}.Debug|Any CPU.Build.0 = Debug|Any CPU
		{47828C8B-122A-4795-A0E4-69E6382FB3C7}.Release|Any CPU.ActiveCfg = Release|Any CPU
		{47828C8B-122A-4795-A0E4-69E6382FB3C7}.Release|Any CPU.Build.0 = Release|Any CPU
		{94E397CE-1F16-4876-A45D-B4BE0A5674EE}.Debug|Any CPU.ActiveCfg = Debug|Any CPU
		{94E397CE-1F16-4876-A45D-B4BE0A5674EE}.Debug|Any CPU.Build.0 = Debug|Any CPU
		{94E397CE-1F16-4876-A45D-B4BE0A5674EE}.Release|Any CPU.ActiveCfg = Release|Any CPU
		{94E397CE-1F16-4876-A45D-B4BE0A5674EE}.Release|Any CPU.Build.0 = Release|Any CPU
		{06ED1C58-24D8-49A4-B67B-839B2765EF04}.Debug|Any CPU.ActiveCfg = Debug|Any CPU
		{06ED1C58-24D8-49A4-B67B-839B2765EF04}.Debug|Any CPU.Build.0 = Debug|Any CPU
		{06ED1C58-24D8-49A4-B67B-839B2765EF04}.Release|Any CPU.ActiveCfg = Release|Any CPU
		{06ED1C58-24D8-49A4-B67B-839B2765EF04}.Release|Any CPU.Build.0 = Release|Any CPU
	EndGlobalSection
	GlobalSection(SolutionProperties) = preSolution
		HideSolutionNode = FALSE
	EndGlobalSection
	GlobalSection(ExtensibilityGlobals) = postSolution
		SolutionGuid = {5AB0736B-7739-4835-BE71-18D37BBAF21B}
	EndGlobalSection
EndGlobal
